
Microsoft Visual Studio Solution File, Format Version 12.00
# Visual Studio Version 16
VisualStudioVersion = 16.0.30621.155
MinimumVisualStudioVersion = 10.0.40219.1
Project("{9A19103F-16F7-4668-BE54-9A1E7A4F7556}") = "GTBikeVTelemetry", "GTBikeVTelemetry\GTBikeVTelemetry.csproj", "{A69C3EFF-9D97-4293-B8F9-C45E55693B41}"
EndProject
Global
	GlobalSection(SolutionConfigurationPlatforms) = preSolution
		Debug|Any CPU = Debug|Any CPU
		Release|Any CPU = Release|Any CPU
	EndGlobalSection
	GlobalSection(ProjectConfigurationPlatforms) = postSolution
		{A69C3EFF-9D97-4293-B8F9-C45E55693B41}.Debug|Any CPU.ActiveCfg = Debug|Any CPU
		{A69C3EFF-9D97-4293-B8F9-C45E55693B41}.Debug|Any CPU.Build.0 = Debug|Any CPU
		{A69C3EFF-9D97-4293-B8F9-C45E55693B41}.Release|Any CPU.ActiveCfg = Release|Any CPU
		{A69C3EFF-9D97-4293-B8F9-C45E55693B41}.Release|Any CPU.Build.0 = Release|Any CPU
	EndGlobalSection
	GlobalSection(SolutionProperties) = preSolution
		HideSolutionNode = FALSE
	EndGlobalSection
	GlobalSection(ExtensibilityGlobals) = postSolution
		SolutionGuid = {A805BD45-2AA8-47D0-9AC8-66CC61C43AF3}
	EndGlobalSection
EndGlobal
